<?xml version="1.0" encoding="utf-8"?>
<Project ToolsVersion="4.0" xmlns="http://schemas.microsoft.com/developer/msbuild/2003">
  <ItemGroup>
    <Filter Include="소스 파일">
      <UniqueIdentifier>{4FC737F1-C7A5-4376-A066-2A32D752A2FF}</UniqueIdentifier>
      <Extensions>cpp;c;cc;cxx;def;odl;idl;hpj;bat;asm;asmx</Extensions>
    </Filter>
    <Filter Include="헤더 파일">
      <UniqueIdentifier>{93995380-89BD-4b04-88EB-625FBE52EBFB}</UniqueIdentifier>
      <Extensions>h;hh;hpp;hxx;hm;inl;inc;ipp;xsd</Extensions>
    </Filter>
    <Filter Include="리소스 파일">
      <UniqueIdentifier>{67DA6AB6-F800-4c08-8B7A-83BB121AAD01}</UniqueIdentifier>
      <Extensions>rc;ico;cur;bmp;dlg;rc2;rct;bin;rgs;gif;jpg;jpeg;jpe;resx;tiff;tif;png;wav;mfcribbon-ms</Extensions>
    </Filter>
    <Filter Include="Logger">
      <UniqueIdentifier>{92e3d316-e4f6-42aa-83d5-48394a67725d}</UniqueIdentifier>
    </Filter>
    <Filter Include="Common">
      <UniqueIdentifier>{2d0cdd74-5778-45f3-88f9-d333d548e32c}</UniqueIdentifier>
    </Filter>
  </ItemGroup>
  <ItemGroup>
    <ClCompile Include="SS_Dll.cpp">
      <Filter>소스 파일</Filter>
    </ClCompile>
    <ClCompile Include="stdafx.cpp">
      <Filter>소스 파일</Filter>
    </ClCompile>
    <ClCompile Include="SS_Interface.cpp">
      <Filter>소스 파일</Filter>
    </ClCompile>
    <ClCompile Include="SS_Interface_Internal.cpp">
      <Filter>소스 파일</Filter>
    </ClCompile>
    <ClCompile Include="SS_socket.cpp">
      <Filter>소스 파일</Filter>
    </ClCompile>
    <ClCompile Include="SS_Param.cpp">
      <Filter>소스 파일</Filter>
    </ClCompile>
    <ClCompile Include="SS_Calibration.cpp">
      <Filter>소스 파일</Filter>
    </ClCompile>
    <ClCompile Include="SS_Caputre.cpp">
      <Filter>소스 파일</Filter>
    </ClCompile>
    <ClCompile Include="GIniFile.cpp">
      <Filter>Common</Filter>
    </ClCompile>
    <ClCompile Include="Misc.cpp">
      <Filter>Common</Filter>
    </ClCompile>
    <ClCompile Include="SS_file_utils.cpp">
      <Filter>Common</Filter>
    </ClCompile>
    <ClCompile Include="SS_FrameSaver.cpp">
      <Filter>소스 파일</Filter>
    </ClCompile>
    <ClCompile Include="SS_sync.cpp">
      <Filter>소스 파일</Filter>
    </ClCompile>
    <ClCompile Include="SystemStatus.cpp">
      <Filter>Common</Filter>
    </ClCompile>
    <ClCompile Include="SS_Timer.cpp">
      <Filter>Common</Filter>
    </ClCompile>
  </ItemGroup>
  <ItemGroup>
    <None Include="SS_Dll.def">
      <Filter>소스 파일</Filter>
    </None>
    <None Include="res\SS_Dll.rc2">
      <Filter>리소스 파일</Filter>
    </None>
  </ItemGroup>
  <ItemGroup>
    <ClInclude Include="stdafx.h">
      <Filter>헤더 파일</Filter>
    </ClInclude>
    <ClInclude Include="targetver.h">
      <Filter>헤더 파일</Filter>
    </ClInclude>
    <ClInclude Include="Resource.h">
      <Filter>헤더 파일</Filter>
    </ClInclude>
    <ClInclude Include="SS_Dll.h">
      <Filter>헤더 파일</Filter>
    </ClInclude>
    <ClInclude Include="SS_Interface.h">
      <Filter>헤더 파일</Filter>
    </ClInclude>
    <ClInclude Include="SS_defines.h">
      <Filter>헤더 파일</Filter>
    </ClInclude>
    <ClInclude Include="SS_socket.h">
      <Filter>헤더 파일</Filter>
    </ClInclude>
    <ClInclude Include="Log\Logger.h">
      <Filter>Logger</Filter>
    </ClInclude>
    <ClInclude Include="Log\threading.h">
      <Filter>Logger</Filter>
    </ClInclude>
    <ClInclude Include="SS_Param.h">
      <Filter>헤더 파일</Filter>
    </ClInclude>
    <ClInclude Include="SS_Calibration.h">
      <Filter>헤더 파일</Filter>
    </ClInclude>
    <ClInclude Include="SS_Caputre.h">
      <Filter>헤더 파일</Filter>
    </ClInclude>
    <ClInclude Include="Misc.h">
      <Filter>Common</Filter>
    </ClInclude>
    <ClInclude Include="Common\ParameterStruct.h">
      <Filter>Common</Filter>
    </ClInclude>
    <ClInclude Include="Ginifile.h">
      <Filter>Common</Filter>
    </ClInclude>
    <ClInclude Include="Common\Cmd_List.h">
      <Filter>Common</Filter>
    </ClInclude>
    <ClInclude Include="GIniFile_Template.hpp">
      <Filter>Common</Filter>
    </ClInclude>
    <ClInclude Include="SS_file_utils.h">
      <Filter>Common</Filter>
    </ClInclude>
    <ClInclude Include="SS_FrameSaver.h">
      <Filter>헤더 파일</Filter>
    </ClInclude>
    <ClInclude Include="SS_sync.h">
      <Filter>헤더 파일</Filter>
    </ClInclude>
    <ClInclude Include="SystemStatus.h">
      <Filter>Common</Filter>
    </ClInclude>
    <ClInclude Include="SS_Timer.h">
      <Filter>Common</Filter>
    </ClInclude>
  </ItemGroup>
  <ItemGroup>
    <ResourceCompile Include="SS_Dll.rc">
      <Filter>리소스 파일</Filter>
    </ResourceCompile>
  </ItemGroup>
</Project>