<?xml version="1.0" encoding="utf-8"?>
<Project ToolsVersion="4.0" xmlns="http://schemas.microsoft.com/developer/msbuild/2003">
  <ItemGroup>
    <Filter Include="소스 파일">
      <UniqueIdentifier>{4FC737F1-C7A5-4376-A066-2A32D752A2FF}</UniqueIdentifier>
      <Extensions>cpp;c;cc;cxx;def;odl;idl;hpj;bat;asm;asmx</Extensions>
    </Filter>
    <Filter Include="헤더 파일">
      <UniqueIdentifier>{93995380-89BD-4b04-88EB-625FBE52EBFB}</UniqueIdentifier>
      <Extensions>h;hh;hpp;hxx;hm;inl;inc;ipp;xsd</Extensions>
    </Filter>
    <Filter Include="리소스 파일">
      <UniqueIdentifier>{67DA6AB6-F800-4c08-8B7A-83BB121AAD01}</UniqueIdentifier>
      <Extensions>rc;ico;cur;bmp;dlg;rc2;rct;bin;rgs;gif;jpg;jpeg;jpe;resx;tiff;tif;png;wav;mfcribbon-ms</Extensions>
    </Filter>
    <Filter Include="Logger">
      <UniqueIdentifier>{92e3d316-e4f6-42aa-83d5-48394a67725d}</UniqueIdentifier>
    </Filter>
    <Filter Include="CommonFW">
      <UniqueIdentifier>{42821917-5376-4048-a3bd-c8107b87ba72}</UniqueIdentifier>
    </Filter>
    <Filter Include="CommonUtils">
      <UniqueIdentifier>{ec2fc062-a870-4a96-9c15-5b3161f1d3cf}</UniqueIdentifier>
    </Filter>
    <Filter Include="Acquisition">
      <UniqueIdentifier>{c24e70c4-ef1b-4445-91d9-d8779ec08c9d}</UniqueIdentifier>
    </Filter>
  </ItemGroup>
  <ItemGroup>
    <ClCompile Include="SS_Dll.cpp">
      <Filter>소스 파일</Filter>
    </ClCompile>
    <ClCompile Include="stdafx.cpp">
      <Filter>소스 파일</Filter>
    </ClCompile>
    <ClCompile Include="SS_Interface.cpp">
      <Filter>소스 파일</Filter>
    </ClCompile>
    <ClCompile Include="SS_Interface_Internal.cpp">
      <Filter>소스 파일</Filter>
    </ClCompile>
    <ClCompile Include="SS_Param.cpp">
      <Filter>소스 파일</Filter>
    </ClCompile>
    <ClCompile Include="SS_Calibration.cpp">
      <Filter>소스 파일</Filter>
    </ClCompile>
    <ClCompile Include="SS_Caputre.cpp">
      <Filter>소스 파일</Filter>
    </ClCompile>
    <ClCompile Include="SS_CommonUtils\SS_FrameSaver.cpp">
      <Filter>CommonUtils</Filter>
    </ClCompile>
    <ClCompile Include="SS_CommonUtils\SS_SystemStatus.cpp">
      <Filter>CommonUtils</Filter>
    </ClCompile>
    <ClCompile Include="SS_CommonUtils\SS_Timer.cpp">
      <Filter>CommonUtils</Filter>
    </ClCompile>
    <ClCompile Include="SS_CommonUtils\SS_FileUtils.cpp">
      <Filter>CommonUtils</Filter>
    </ClCompile>
    <ClCompile Include="SS_CommonUtils\SS_Sync.cpp">
      <Filter>CommonUtils</Filter>
    </ClCompile>
    <ClCompile Include="SS_Acquisition\SS_socket.cpp">
      <Filter>Acquisition</Filter>
    </ClCompile>
    <ClCompile Include="SS_Acquisition\SS_socket_exception.cpp">
      <Filter>Acquisition</Filter>
    </ClCompile>
    <ClCompile Include="GIniFile.cpp">
      <Filter>CommonUtils</Filter>
    </ClCompile>
    <ClCompile Include="Misc.cpp">
      <Filter>CommonUtils</Filter>
    </ClCompile>
    <ClCompile Include="SS_CommonUtils\SS_exception.cpp">
      <Filter>CommonUtils</Filter>
    </ClCompile>
  </ItemGroup>
  <ItemGroup>
    <None Include="SS_Dll.def">
      <Filter>소스 파일</Filter>
    </None>
    <None Include="res\SS_Dll.rc2">
      <Filter>리소스 파일</Filter>
    </None>
  </ItemGroup>
  <ItemGroup>
    <ClInclude Include="stdafx.h">
      <Filter>헤더 파일</Filter>
    </ClInclude>
    <ClInclude Include="targetver.h">
      <Filter>헤더 파일</Filter>
    </ClInclude>
    <ClInclude Include="Resource.h">
      <Filter>헤더 파일</Filter>
    </ClInclude>
    <ClInclude Include="SS_Dll.h">
      <Filter>헤더 파일</Filter>
    </ClInclude>
    <ClInclude Include="SS_Interface.h">
      <Filter>헤더 파일</Filter>
    </ClInclude>
    <ClInclude Include="SS_Param.h">
      <Filter>헤더 파일</Filter>
    </ClInclude>
    <ClInclude Include="SS_Calibration.h">
      <Filter>헤더 파일</Filter>
    </ClInclude>
    <ClInclude Include="SS_Caputre.h">
      <Filter>헤더 파일</Filter>
    </ClInclude>
    <ClInclude Include="Common\Cmd_List.h">
      <Filter>CommonFW</Filter>
    </ClInclude>
    <ClInclude Include="Common\ParameterStruct.h">
      <Filter>CommonFW</Filter>
    </ClInclude>
    <ClInclude Include="SS_CommonUtils\SS_FileUtils.h">
      <Filter>CommonUtils</Filter>
    </ClInclude>
    <ClInclude Include="SS_CommonUtils\SS_FrameSaver.h">
      <Filter>CommonUtils</Filter>
    </ClInclude>
    <ClInclude Include="SS_CommonUtils\SS_SystemStatus.h">
      <Filter>CommonUtils</Filter>
    </ClInclude>
    <ClInclude Include="SS_CommonUtils\SS_Timer.h">
      <Filter>CommonUtils</Filter>
    </ClInclude>
    <ClInclude Include="SS_CommonUtils\SS_StringDefines.h">
      <Filter>CommonUtils</Filter>
    </ClInclude>
    <ClInclude Include="SS_CommonUtils\SS_Sync.h">
      <Filter>CommonUtils</Filter>
    </ClInclude>
    <ClInclude Include="SS_Logger\Logger.h">
      <Filter>Logger</Filter>
    </ClInclude>
    <ClInclude Include="SS_Logger\threading.h">
      <Filter>Logger</Filter>
    </ClInclude>
    <ClInclude Include="SS_Acquisition\SS_socket.h">
      <Filter>Acquisition</Filter>
    </ClInclude>
    <ClInclude Include="SS_Acquisition\SS_socket_exception.h">
      <Filter>Acquisition</Filter>
    </ClInclude>
    <ClInclude Include="Ginifile.h">
      <Filter>CommonUtils</Filter>
    </ClInclude>
    <ClInclude Include="GIniFile_Template.hpp">
      <Filter>CommonUtils</Filter>
    </ClInclude>
    <ClInclude Include="Misc.h">
      <Filter>CommonUtils</Filter>
    </ClInclude>
    <ClInclude Include="SS_CommonUtils\SS_exception.h">
      <Filter>CommonUtils</Filter>
    </ClInclude>
  </ItemGroup>
  <ItemGroup>
    <ResourceCompile Include="SS_Dll.rc">
      <Filter>리소스 파일</Filter>
    </ResourceCompile>
  </ItemGroup>
</Project>